
Microsoft Visual Studio Solution File, Format Version 12.00
# Visual Studio Version 16
VisualStudioVersion = 16.0.29806.167
MinimumVisualStudioVersion = 10.0.40219.1
Project("{FAE04EC0-301F-11D3-BF4B-00C04F79EFBC}") = "GodotAddinVS", "GodotAddinVS\GodotAddinVS.csproj", "{7D64803D-2F8D-4597-9762-A316C74E9816}"
EndProject
Project("{FAE04EC0-301F-11D3-BF4B-00C04F79EFBC}") = "GodotCompletionProviders", "GodotCompletionProviders\GodotCompletionProviders.csproj", "{A9EA6427-C5E2-4207-BBBF-A1F44A361339}"
EndProject
Project("{FAE04EC0-301F-11D3-BF4B-00C04F79EFBC}") = "GodotCompletionProviders.Test", "GodotCompletionProviders.Test\GodotCompletionProviders.Test.csproj", "{B2BAAEA3-8B1D-4584-A5D1-9D4EF487E0DF}"
EndProject
Global
	GlobalSection(SolutionConfigurationPlatforms) = preSolution
		Debug|Any CPU = Debug|Any CPU
		net_4_5_Debug|Any CPU = net_4_5_Debug|Any CPU
		net_4_5_Release|Any CPU = net_4_5_Release|Any CPU
		Release|Any CPU = Release|Any CPU
	EndGlobalSection
	GlobalSection(ProjectConfigurationPlatforms) = postSolution
		{7D64803D-2F8D-4597-9762-A316C74E9816}.Debug|Any CPU.ActiveCfg = Debug|Any CPU
		{7D64803D-2F8D-4597-9762-A316C74E9816}.Debug|Any CPU.Build.0 = Debug|Any CPU
		{7D64803D-2F8D-4597-9762-A316C74E9816}.net_4_5_Debug|Any CPU.ActiveCfg = Debug|Any CPU
		{7D64803D-2F8D-4597-9762-A316C74E9816}.net_4_5_Debug|Any CPU.Build.0 = Debug|Any CPU
		{7D64803D-2F8D-4597-9762-A316C74E9816}.net_4_5_Release|Any CPU.ActiveCfg = Release|Any CPU
		{7D64803D-2F8D-4597-9762-A316C74E9816}.net_4_5_Release|Any CPU.Build.0 = Release|Any CPU
		{7D64803D-2F8D-4597-9762-A316C74E9816}.Release|Any CPU.ActiveCfg = Release|Any CPU
		{7D64803D-2F8D-4597-9762-A316C74E9816}.Release|Any CPU.Build.0 = Release|Any CPU
		{A9EA6427-C5E2-4207-BBBF-A1F44A361339}.Debug|Any CPU.ActiveCfg = Debug|Any CPU
		{A9EA6427-C5E2-4207-BBBF-A1F44A361339}.Debug|Any CPU.Build.0 = Debug|Any CPU
		{A9EA6427-C5E2-4207-BBBF-A1F44A361339}.net_4_5_Debug|Any CPU.ActiveCfg = Debug|Any CPU
		{A9EA6427-C5E2-4207-BBBF-A1F44A361339}.net_4_5_Debug|Any CPU.Build.0 = Debug|Any CPU
		{A9EA6427-C5E2-4207-BBBF-A1F44A361339}.net_4_5_Release|Any CPU.ActiveCfg = Debug|Any CPU
		{A9EA6427-C5E2-4207-BBBF-A1F44A361339}.net_4_5_Release|Any CPU.Build.0 = Debug|Any CPU
		{A9EA6427-C5E2-4207-BBBF-A1F44A361339}.Release|Any CPU.ActiveCfg = Release|Any CPU
		{A9EA6427-C5E2-4207-BBBF-A1F44A361339}.Release|Any CPU.Build.0 = Release|Any CPU
		{B2BAAEA3-8B1D-4584-A5D1-9D4EF487E0DF}.Debug|Any CPU.ActiveCfg = Debug|Any CPU
		{B2BAAEA3-8B1D-4584-A5D1-9D4EF487E0DF}.Debug|Any CPU.Build.0 = Debug|Any CPU
		{B2BAAEA3-8B1D-4584-A5D1-9D4EF487E0DF}.net_4_5_Debug|Any CPU.ActiveCfg = Debug|Any CPU
		{B2BAAEA3-8B1D-4584-A5D1-9D4EF487E0DF}.net_4_5_Debug|Any CPU.Build.0 = Debug|Any CPU
		{B2BAAEA3-8B1D-4584-A5D1-9D4EF487E0DF}.net_4_5_Release|Any CPU.ActiveCfg = Debug|Any CPU
		{B2BAAEA3-8B1D-4584-A5D1-9D4EF487E0DF}.net_4_5_Release|Any CPU.Build.0 = Debug|Any CPU
		{B2BAAEA3-8B1D-4584-A5D1-9D4EF487E0DF}.Release|Any CPU.ActiveCfg = Release|Any CPU
		{B2BAAEA3-8B1D-4584-A5D1-9D4EF487E0DF}.Release|Any CPU.Build.0 = Release|Any CPU
	EndGlobalSection
	GlobalSection(SolutionProperties) = preSolution
		HideSolutionNode = FALSE
	EndGlobalSection
	GlobalSection(ExtensibilityGlobals) = postSolution
		SolutionGuid = {60B650D3-F98F-4016-99A7-C3C7B12E6BBC}
	EndGlobalSection
EndGlobal
